
Microsoft Visual Studio Solution File, Format Version 12.00
# Visual Studio 2013
VisualStudioVersion = 12.0.21005.1
MinimumVisualStudioVersion = 10.0.40219.1
Project("{FAE04EC0-301F-11D3-BF4B-00C04F79EFBC}") = "OrphansOverSeas.Models", "OrphansOverSeas.Models\OrphansOverSeas.Models\OrphansOverSeas.Models.csproj", "{73676C11-3147-44B8-8E51-96A3A3B1D670}"
EndProject
Project("{FAE04EC0-301F-11D3-BF4B-00C04F79EFBC}") = "OrphansOverSeas.Web", "OrphansOverSeas.Web\OrphansOverSeas.Web.csproj", "{A0A37F29-E81D-4B54-A28F-CE9F1144452C}"
EndProject
Project("{FAE04EC0-301F-11D3-BF4B-00C04F79EFBC}") = "OrphansOverSeas.Models.Fixtures", "OrphansOverSeas.Models.Fixtures\OrphansOverSeas.Models.Fixtures.csproj", "{05E49222-ACE5-4B6C-941F-559DB1034FE8}"
EndProject
Project("{FAE04EC0-301F-11D3-BF4B-00C04F79EFBC}") = "OrphansOverSeas.Web.Fixtures", "OrphansOverSeas.Web.Fixtures\OrphansOverSeas.Web.Fixtures.csproj", "{039C9D64-80D8-4299-8EA7-BED6EA156DD4}"
EndProject
Global
	GlobalSection(SolutionConfigurationPlatforms) = preSolution
		Debug|Any CPU = Debug|Any CPU
		Release|Any CPU = Release|Any CPU
	EndGlobalSection
	GlobalSection(ProjectConfigurationPlatforms) = postSolution
		{73676C11-3147-44B8-8E51-96A3A3B1D670}.Debug|Any CPU.ActiveCfg = Debug|Any CPU
		{73676C11-3147-44B8-8E51-96A3A3B1D670}.Debug|Any CPU.Build.0 = Debug|Any CPU
		{73676C11-3147-44B8-8E51-96A3A3B1D670}.Release|Any CPU.ActiveCfg = Release|Any CPU
		{73676C11-3147-44B8-8E51-96A3A3B1D670}.Release|Any CPU.Build.0 = Release|Any CPU
		{A0A37F29-E81D-4B54-A28F-CE9F1144452C}.Debug|Any CPU.ActiveCfg = Debug|Any CPU
		{A0A37F29-E81D-4B54-A28F-CE9F1144452C}.Debug|Any CPU.Build.0 = Debug|Any CPU
		{A0A37F29-E81D-4B54-A28F-CE9F1144452C}.Release|Any CPU.ActiveCfg = Release|Any CPU
		{A0A37F29-E81D-4B54-A28F-CE9F1144452C}.Release|Any CPU.Build.0 = Release|Any CPU
		{05E49222-ACE5-4B6C-941F-559DB1034FE8}.Debug|Any CPU.ActiveCfg = Debug|Any CPU
		{05E49222-ACE5-4B6C-941F-559DB1034FE8}.Debug|Any CPU.Build.0 = Debug|Any CPU
		{05E49222-ACE5-4B6C-941F-559DB1034FE8}.Release|Any CPU.ActiveCfg = Release|Any CPU
		{05E49222-ACE5-4B6C-941F-559DB1034FE8}.Release|Any CPU.Build.0 = Release|Any CPU
		{039C9D64-80D8-4299-8EA7-BED6EA156DD4}.Debug|Any CPU.ActiveCfg = Debug|Any CPU
		{039C9D64-80D8-4299-8EA7-BED6EA156DD4}.Debug|Any CPU.Build.0 = Debug|Any CPU
		{039C9D64-80D8-4299-8EA7-BED6EA156DD4}.Release|Any CPU.ActiveCfg = Release|Any CPU
		{039C9D64-80D8-4299-8EA7-BED6EA156DD4}.Release|Any CPU.Build.0 = Release|Any CPU
	EndGlobalSection
	GlobalSection(SolutionProperties) = preSolution
		HideSolutionNode = FALSE
	EndGlobalSection
EndGlobal
